// !$*UTF8*$!
{
	archiveVersion = 1;
	classes = {
	};
	objectVersion = 46;
	objects = {

/* Begin PBXBuildFile section */
		1D3623260D0F684500981E51 /* DNetAppDelegate.m in Sources */ = {isa = PBXBuildFile; fileRef = 1D3623250D0F684500981E51 /* DNetAppDelegate.m */; };
		1D60589B0D05DD56006BFB54 /* main.m in Sources */ = {isa = PBXBuildFile; fileRef = 29B97316FDCFA39411CA2CEA /* main.m */; };
		1D60589F0D05DD5A006BFB54 /* Foundation.framework in Frameworks */ = {isa = PBXBuildFile; fileRef = 1D30AB110D05D00D00671497 /* Foundation.framework */; };
		1DF5F4E00D08C38300B7A737 /* UIKit.framework in Frameworks */ = {isa = PBXBuildFile; fileRef = 1DF5F4DF0D08C38300B7A737 /* UIKit.framework */; };
		288765A50DF7441C002DB57D /* CoreGraphics.framework in Frameworks */ = {isa = PBXBuildFile; fileRef = 288765A40DF7441C002DB57D /* CoreGraphics.framework */; };
		2899E5220DE3E06400AC0155 /* CutDetection.xib in Resources */ = {isa = PBXBuildFile; fileRef = 2899E5210DE3E06400AC0155 /* CutDetection.xib */; };
		28AD733F0D9D9553002E5188 /* MainWindow.xib in Resources */ = {isa = PBXBuildFile; fileRef = 28AD733E0D9D9553002E5188 /* MainWindow.xib */; };
		28D7ACF80DDB3853001CB0EB /* CutDetectionClass.m in Sources */ = {isa = PBXBuildFile; fileRef = 28D7ACF70DDB3853001CB0EB /* CutDetectionClass.m */; };
		3F14DE4D131C72FC00B9A8A7 /* BuildingTagClass.m in Sources */ = {isa = PBXBuildFile; fileRef = 3F14DE4B131C72FC00B9A8A7 /* BuildingTagClass.m */; };
		3F14DE4E131C72FC00B9A8A7 /* BuildingTagClass.xib in Resources */ = {isa = PBXBuildFile; fileRef = 3F14DE4C131C72FC00B9A8A7 /* BuildingTagClass.xib */; };
		3F1D2AF91346DCA3001AF6BD /* MessageUI.framework in Frameworks */ = {isa = PBXBuildFile; fileRef = 3F1D2AF81346DCA3001AF6BD /* MessageUI.framework */; };
		3F1D2B061346E84E001AF6BD /* TweeterClass.m in Sources */ = {isa = PBXBuildFile; fileRef = 3F1D2B041346E84E001AF6BD /* TweeterClass.m */; };
		3F1D2B071346E84E001AF6BD /* TweeterClass.xib in Resources */ = {isa = PBXBuildFile; fileRef = 3F1D2B051346E84E001AF6BD /* TweeterClass.xib */; };
		3F3055421314493B00DC90B9 /* CFNetwork.framework in Frameworks */ = {isa = PBXBuildFile; fileRef = 3F3055411314493B00DC90B9 /* CFNetwork.framework */; };
		3F3056771314728A00DC90B9 /* AsyncSocket.m in Sources */ = {isa = PBXBuildFile; fileRef = 3F3056741314728A00DC90B9 /* AsyncSocket.m */; };
		3F3056781314728A00DC90B9 /* AsyncUdpSocket.m in Sources */ = {isa = PBXBuildFile; fileRef = 3F3056761314728A00DC90B9 /* AsyncUdpSocket.m */; };
		3F637D341471CEA10049E81B /* FogStore.m in Sources */ = {isa = PBXBuildFile; fileRef = 3F637D321471CEA10049E81B /* FogStore.m */; };
		3F637D351471CEA10049E81B /* FogStore.xib in Resources */ = {isa = PBXBuildFile; fileRef = 3F637D331471CEA10049E81B /* FogStore.xib */; };
		3FA33166131727C6009F6D56 /* CoreLocation.framework in Frameworks */ = {isa = PBXBuildFile; fileRef = 3FA33165131727C6009F6D56 /* CoreLocation.framework */; };
		3FB72CC11315B228006D834A /* message.c in Sources */ = {isa = PBXBuildFile; fileRef = 3FB72CC01315B228006D834A /* message.c */; };
		3FB72CD31315B37A006D834A /* serialpacket.c in Sources */ = {isa = PBXBuildFile; fileRef = 3FB72CD21315B37A006D834A /* serialpacket.c */; };
		3FB72E1F13170886006D834A /* LocationSenderClass.m in Sources */ = {isa = PBXBuildFile; fileRef = 3FB72E1D13170886006D834A /* LocationSenderClass.m */; };
		3FB72E2013170886006D834A /* LocationSender.xib in Resources */ = {isa = PBXBuildFile; fileRef = 3FB72E1E13170886006D834A /* LocationSender.xib */; };
		3FE11D92155A22480036CE4E /* BTagMapView.m in Sources */ = {isa = PBXBuildFile; fileRef = 3FE11D90155A22480036CE4E /* BTagMapView.m */; };
		3FE11D93155A22480036CE4E /* BTagMapView.xib in Resources */ = {isa = PBXBuildFile; fileRef = 3FE11D91155A22480036CE4E /* BTagMapView.xib */; };
		3FE11D95155A25040036CE4E /* MapKit.framework in Frameworks */ = {isa = PBXBuildFile; fileRef = 3FE11D94155A25040036CE4E /* MapKit.framework */; };
		3FE11D97155A2B2C0036CE4E /* 4659.gif in Resources */ = {isa = PBXBuildFile; fileRef = 3FE11D96155A2B2C0036CE4E /* 4659.gif */; };
		3FE11D99155A2B5F0036CE4E /* Texas_AMU_logo.png in Resources */ = {isa = PBXBuildFile; fileRef = 3FE11D98155A2B5F0036CE4E /* Texas_AMU_logo.png */; };
		3FE11D9B155A2C850036CE4E /* rsz_texas_amu_logo.png in Resources */ = {isa = PBXBuildFile; fileRef = 3FE11D9A155A2C850036CE4E /* rsz_texas_amu_logo.png */; };
		3FE11D9D155A2C8A0036CE4E /* rsz_1texas_amu_logo.png in Resources */ = {isa = PBXBuildFile; fileRef = 3FE11D9C155A2C8A0036CE4E /* rsz_1texas_amu_logo.png */; };
		3FE11DBB15604AE80036CE4E /* MainWindow-iPad.xib in Resources */ = {isa = PBXBuildFile; fileRef = 3FE11DBA15604AE80036CE4E /* MainWindow-iPad.xib */; };
		3FE11E04156054590036CE4E /* BTagviewer-iPad.m in Sources */ = {isa = PBXBuildFile; fileRef = 3FE11E02156054590036CE4E /* BTagviewer-iPad.m */; };
		3FE11E05156054590036CE4E /* BTagviewer-iPad.xib in Resources */ = {isa = PBXBuildFile; fileRef = 3FE11E03156054590036CE4E /* BTagviewer-iPad.xib */; };
		3FE11E0815605D890036CE4E /* BtagAnnotation.m in Sources */ = {isa = PBXBuildFile; fileRef = 3FE11E0715605D890036CE4E /* BtagAnnotation.m */; };
		3FE11E101561D76C0036CE4E /* BTagprogrammer-iPad.m in Sources */ = {isa = PBXBuildFile; fileRef = 3FE11E0E1561D76B0036CE4E /* BTagprogrammer-iPad.m */; };
		3FE11E111561D76C0036CE4E /* BTagprogrammer-iPad.xib in Resources */ = {isa = PBXBuildFile; fileRef = 3FE11E0F1561D76C0036CE4E /* BTagprogrammer-iPad.xib */; };
		3FE11E151561DDD30036CE4E /* btag-back.png in Resources */ = {isa = PBXBuildFile; fileRef = 3FE11E141561DDD30036CE4E /* btag-back.png */; };
		3FE11E181561E6350036CE4E /* LocationController.m in Sources */ = {isa = PBXBuildFile; fileRef = 3FE11E171561E6350036CE4E /* LocationController.m */; };
		3FFB21AA132294C1007FD372 /* BTagProgrammer.m in Sources */ = {isa = PBXBuildFile; fileRef = 3FFB21A8132294C1007FD372 /* BTagProgrammer.m */; };
		3FFB21AB132294C1007FD372 /* BTagProgrammer.xib in Resources */ = {isa = PBXBuildFile; fileRef = 3FFB21A9132294C1007FD372 /* BTagProgrammer.xib */; };
/* End PBXBuildFile section */

/* Begin PBXFileReference section */
		1D30AB110D05D00D00671497 /* Foundation.framework */ = {isa = PBXFileReference; lastKnownFileType = wrapper.framework; name = Foundation.framework; path = System/Library/Frameworks/Foundation.framework; sourceTree = SDKROOT; };
		1D3623240D0F684500981E51 /* DNetAppDelegate.h */ = {isa = PBXFileReference; fileEncoding = 4; lastKnownFileType = sourcecode.c.h; path = DNetAppDelegate.h; sourceTree = "<group>"; };
		1D3623250D0F684500981E51 /* DNetAppDelegate.m */ = {isa = PBXFileReference; fileEncoding = 4; lastKnownFileType = sourcecode.c.objc; path = DNetAppDelegate.m; sourceTree = "<group>"; };
		1D6058910D05DD3D006BFB54 /* DNet.app */ = {isa = PBXFileReference; explicitFileType = wrapper.application; includeInIndex = 0; path = DNet.app; sourceTree = BUILT_PRODUCTS_DIR; };
		1DF5F4DF0D08C38300B7A737 /* UIKit.framework */ = {isa = PBXFileReference; lastKnownFileType = wrapper.framework; name = UIKit.framework; path = System/Library/Frameworks/UIKit.framework; sourceTree = SDKROOT; };
		288765A40DF7441C002DB57D /* CoreGraphics.framework */ = {isa = PBXFileReference; lastKnownFileType = wrapper.framework; name = CoreGraphics.framework; path = System/Library/Frameworks/CoreGraphics.framework; sourceTree = SDKROOT; };
		2899E5210DE3E06400AC0155 /* CutDetection.xib */ = {isa = PBXFileReference; lastKnownFileType = file.xib; path = CutDetection.xib; sourceTree = "<group>"; };
		28AD733E0D9D9553002E5188 /* MainWindow.xib */ = {isa = PBXFileReference; lastKnownFileType = file.xib; path = MainWindow.xib; sourceTree = "<group>"; };
		28D7ACF60DDB3853001CB0EB /* CutDetectionClass.h */ = {isa = PBXFileReference; fileEncoding = 4; lastKnownFileType = sourcecode.c.h; path = CutDetectionClass.h; sourceTree = "<group>"; };
		28D7ACF70DDB3853001CB0EB /* CutDetectionClass.m */ = {isa = PBXFileReference; fileEncoding = 4; lastKnownFileType = sourcecode.c.objc; path = CutDetectionClass.m; sourceTree = "<group>"; };
		29B97316FDCFA39411CA2CEA /* main.m */ = {isa = PBXFileReference; fileEncoding = 4; lastKnownFileType = sourcecode.c.objc; path = main.m; sourceTree = "<group>"; };
		32CA4F630368D1EE00C91783 /* DNet_Prefix.pch */ = {isa = PBXFileReference; fileEncoding = 4; lastKnownFileType = sourcecode.c.h; path = DNet_Prefix.pch; sourceTree = "<group>"; };
		3F14DE4A131C72FC00B9A8A7 /* BuildingTagClass.h */ = {isa = PBXFileReference; fileEncoding = 4; lastKnownFileType = sourcecode.c.h; path = BuildingTagClass.h; sourceTree = "<group>"; };
		3F14DE4B131C72FC00B9A8A7 /* BuildingTagClass.m */ = {isa = PBXFileReference; fileEncoding = 4; lastKnownFileType = sourcecode.c.objc; path = BuildingTagClass.m; sourceTree = "<group>"; };
		3F14DE4C131C72FC00B9A8A7 /* BuildingTagClass.xib */ = {isa = PBXFileReference; lastKnownFileType = file.xib; name = BuildingTagClass.xib; path = Classes/BuildingTagClass.xib; sourceTree = "<group>"; };
		3F1D2AF81346DCA3001AF6BD /* MessageUI.framework */ = {isa = PBXFileReference; lastKnownFileType = wrapper.framework; name = MessageUI.framework; path = System/Library/Frameworks/MessageUI.framework; sourceTree = SDKROOT; };
		3F1D2B031346E84E001AF6BD /* TweeterClass.h */ = {isa = PBXFileReference; fileEncoding = 4; lastKnownFileType = sourcecode.c.h; path = TweeterClass.h; sourceTree = "<group>"; };
		3F1D2B041346E84E001AF6BD /* TweeterClass.m */ = {isa = PBXFileReference; fileEncoding = 4; lastKnownFileType = sourcecode.c.objc; path = TweeterClass.m; sourceTree = "<group>"; };
		3F1D2B051346E84E001AF6BD /* TweeterClass.xib */ = {isa = PBXFileReference; fileEncoding = 4; lastKnownFileType = file.xib; name = TweeterClass.xib; path = Classes/TweeterClass.xib; sourceTree = "<group>"; };
		3F3055411314493B00DC90B9 /* CFNetwork.framework */ = {isa = PBXFileReference; lastKnownFileType = wrapper.framework; name = CFNetwork.framework; path = System/Library/Frameworks/CFNetwork.framework; sourceTree = SDKROOT; };
		3F3056731314728A00DC90B9 /* AsyncSocket.h */ = {isa = PBXFileReference; fileEncoding = 4; lastKnownFileType = sourcecode.c.h; path = AsyncSocket.h; sourceTree = "<group>"; };
		3F3056741314728A00DC90B9 /* AsyncSocket.m */ = {isa = PBXFileReference; fileEncoding = 4; lastKnownFileType = sourcecode.c.objc; path = AsyncSocket.m; sourceTree = "<group>"; };
		3F3056751314728A00DC90B9 /* AsyncUdpSocket.h */ = {isa = PBXFileReference; fileEncoding = 4; lastKnownFileType = sourcecode.c.h; path = AsyncUdpSocket.h; sourceTree = "<group>"; };
		3F3056761314728A00DC90B9 /* AsyncUdpSocket.m */ = {isa = PBXFileReference; fileEncoding = 4; lastKnownFileType = sourcecode.c.objc; path = AsyncUdpSocket.m; sourceTree = "<group>"; };
		3F637D311471CEA10049E81B /* FogStore.h */ = {isa = PBXFileReference; fileEncoding = 4; lastKnownFileType = sourcecode.c.h; path = FogStore.h; sourceTree = "<group>"; };
		3F637D321471CEA10049E81B /* FogStore.m */ = {isa = PBXFileReference; fileEncoding = 4; lastKnownFileType = sourcecode.c.objc; path = FogStore.m; sourceTree = "<group>"; };
		3F637D331471CEA10049E81B /* FogStore.xib */ = {isa = PBXFileReference; fileEncoding = 4; lastKnownFileType = file.xib; name = FogStore.xib; path = Classes/FogStore.xib; sourceTree = "<group>"; };
		3FA33165131727C6009F6D56 /* CoreLocation.framework */ = {isa = PBXFileReference; lastKnownFileType = wrapper.framework; name = CoreLocation.framework; path = System/Library/Frameworks/CoreLocation.framework; sourceTree = SDKROOT; };
		3FB72CB21315B146006D834A /* serialpacket.h */ = {isa = PBXFileReference; fileEncoding = 4; lastKnownFileType = sourcecode.c.h; name = serialpacket.h; path = Classes/serialpacket.h; sourceTree = "<group>"; };
		3FB72CB31315B146006D834A /* serialprotocol.h */ = {isa = PBXFileReference; fileEncoding = 4; lastKnownFileType = sourcecode.c.h; name = serialprotocol.h; path = Classes/serialprotocol.h; sourceTree = "<group>"; };
		3FB72CB61315B17B006D834A /* message.h */ = {isa = PBXFileReference; fileEncoding = 4; lastKnownFileType = sourcecode.c.h; path = message.h; sourceTree = "<group>"; };
		3FB72CC01315B228006D834A /* message.c */ = {isa = PBXFileReference; fileEncoding = 4; lastKnownFileType = sourcecode.c.c; path = message.c; sourceTree = "<group>"; };
		3FB72CD21315B37A006D834A /* serialpacket.c */ = {isa = PBXFileReference; fileEncoding = 4; lastKnownFileType = sourcecode.c.c; path = serialpacket.c; sourceTree = "<group>"; };
		3FB72E1C13170886006D834A /* LocationSenderClass.h */ = {isa = PBXFileReference; fileEncoding = 4; lastKnownFileType = sourcecode.c.h; path = LocationSenderClass.h; sourceTree = "<group>"; };
		3FB72E1D13170886006D834A /* LocationSenderClass.m */ = {isa = PBXFileReference; fileEncoding = 4; lastKnownFileType = sourcecode.c.objc; path = LocationSenderClass.m; sourceTree = "<group>"; };
		3FB72E1E13170886006D834A /* LocationSender.xib */ = {isa = PBXFileReference; lastKnownFileType = file.xib; name = LocationSender.xib; path = Classes/LocationSender.xib; sourceTree = "<group>"; };
		3FE11D8F155A22480036CE4E /* BTagMapView.h */ = {isa = PBXFileReference; fileEncoding = 4; lastKnownFileType = sourcecode.c.h; path = BTagMapView.h; sourceTree = "<group>"; };
		3FE11D90155A22480036CE4E /* BTagMapView.m */ = {isa = PBXFileReference; fileEncoding = 4; lastKnownFileType = sourcecode.c.objc; path = BTagMapView.m; sourceTree = "<group>"; };
		3FE11D91155A22480036CE4E /* BTagMapView.xib */ = {isa = PBXFileReference; fileEncoding = 4; lastKnownFileType = file.xib; name = BTagMapView.xib; path = Classes/BTagMapView.xib; sourceTree = "<group>"; };
		3FE11D94155A25040036CE4E /* MapKit.framework */ = {isa = PBXFileReference; lastKnownFileType = wrapper.framework; name = MapKit.framework; path = System/Library/Frameworks/MapKit.framework; sourceTree = SDKROOT; };
		3FE11D96155A2B2C0036CE4E /* 4659.gif */ = {isa = PBXFileReference; lastKnownFileType = image.gif; path = 4659.gif; sourceTree = "<group>"; };
		3FE11D98155A2B5F0036CE4E /* Texas_AMU_logo.png */ = {isa = PBXFileReference; lastKnownFileType = image.png; path = Texas_AMU_logo.png; sourceTree = "<group>"; };
		3FE11D9A155A2C850036CE4E /* rsz_texas_amu_logo.png */ = {isa = PBXFileReference; lastKnownFileType = image.png; path = rsz_texas_amu_logo.png; sourceTree = "<group>"; };
		3FE11D9C155A2C8A0036CE4E /* rsz_1texas_amu_logo.png */ = {isa = PBXFileReference; lastKnownFileType = image.png; path = rsz_1texas_amu_logo.png; sourceTree = "<group>"; };
		3FE11DBA15604AE80036CE4E /* MainWindow-iPad.xib */ = {isa = PBXFileReference; lastKnownFileType = file.xib; name = "MainWindow-iPad.xib"; path = "iPad/MainWindow-iPad.xib"; sourceTree = "<group>"; };
		3FE11DE615604D840036CE4E /* DNet copy-Info.plist */ = {isa = PBXFileReference; lastKnownFileType = text.plist.xml; name = "DNet copy-Info.plist"; path = "/Users/cjh/Desktop/DNet/DNet copy-Info.plist"; sourceTree = "<absolute>"; };
		3FE11E01156054590036CE4E /* BTagviewer-iPad.h */ = {isa = PBXFileReference; fileEncoding = 4; lastKnownFileType = sourcecode.c.h; name = "BTagviewer-iPad.h"; path = "iPad/BTagviewer-iPad.h"; sourceTree = "<group>"; };
		3FE11E02156054590036CE4E /* BTagviewer-iPad.m */ = {isa = PBXFileReference; fileEncoding = 4; lastKnownFileType = sourcecode.c.objc; name = "BTagviewer-iPad.m"; path = "iPad/BTagviewer-iPad.m"; sourceTree = "<group>"; };
		3FE11E03156054590036CE4E /* BTagviewer-iPad.xib */ = {isa = PBXFileReference; fileEncoding = 4; lastKnownFileType = file.xib; name = "BTagviewer-iPad.xib"; path = "iPad/BTagviewer-iPad.xib"; sourceTree = "<group>"; };
		3FE11E0615605D880036CE4E /* BtagAnnotation.h */ = {isa = PBXFileReference; fileEncoding = 4; lastKnownFileType = sourcecode.c.h; name = BtagAnnotation.h; path = iPad/BtagAnnotation.h; sourceTree = "<group>"; };
		3FE11E0715605D890036CE4E /* BtagAnnotation.m */ = {isa = PBXFileReference; fileEncoding = 4; lastKnownFileType = sourcecode.c.objc; name = BtagAnnotation.m; path = iPad/BtagAnnotation.m; sourceTree = "<group>"; };
		3FE11E0D1561D76B0036CE4E /* BTagprogrammer-iPad.h */ = {isa = PBXFileReference; fileEncoding = 4; lastKnownFileType = sourcecode.c.h; name = "BTagprogrammer-iPad.h"; path = "iPad/BTagprogrammer-iPad.h"; sourceTree = "<group>"; };
		3FE11E0E1561D76B0036CE4E /* BTagprogrammer-iPad.m */ = {isa = PBXFileReference; fileEncoding = 4; lastKnownFileType = sourcecode.c.objc; name = "BTagprogrammer-iPad.m"; path = "iPad/BTagprogrammer-iPad.m"; sourceTree = "<group>"; };
		3FE11E0F1561D76C0036CE4E /* BTagprogrammer-iPad.xib */ = {isa = PBXFileReference; fileEncoding = 4; lastKnownFileType = file.xib; name = "BTagprogrammer-iPad.xib"; path = "iPad/BTagprogrammer-iPad.xib"; sourceTree = "<group>"; };
		3FE11E141561DDD30036CE4E /* btag-back.png */ = {isa = PBXFileReference; lastKnownFileType = image.png; path = "btag-back.png"; sourceTree = "<group>"; };
		3FE11E161561E6340036CE4E /* LocationController.h */ = {isa = PBXFileReference; fileEncoding = 4; lastKnownFileType = sourcecode.c.h; name = LocationController.h; path = iPad/LocationController.h; sourceTree = "<group>"; };
		3FE11E171561E6350036CE4E /* LocationController.m */ = {isa = PBXFileReference; fileEncoding = 4; lastKnownFileType = sourcecode.c.objc; name = LocationController.m; path = iPad/LocationController.m; sourceTree = "<group>"; };
		3FFB21A7132294C1007FD372 /* BTagProgrammer.h */ = {isa = PBXFileReference; fileEncoding = 4; lastKnownFileType = sourcecode.c.h; path = BTagProgrammer.h; sourceTree = "<group>"; };
		3FFB21A8132294C1007FD372 /* BTagProgrammer.m */ = {isa = PBXFileReference; fileEncoding = 4; lastKnownFileType = sourcecode.c.objc; path = BTagProgrammer.m; sourceTree = "<group>"; };
		3FFB21A9132294C1007FD372 /* BTagProgrammer.xib */ = {isa = PBXFileReference; lastKnownFileType = file.xib; name = BTagProgrammer.xib; path = Classes/BTagProgrammer.xib; sourceTree = "<group>"; };
		3FFB21B81322991B007FD372 /* Common.h */ = {isa = PBXFileReference; fileEncoding = 4; lastKnownFileType = sourcecode.c.h; path = Common.h; sourceTree = "<group>"; };
		8D1107310486CEB800E47090 /* DNet-Info.plist */ = {isa = PBXFileReference; fileEncoding = 4; lastKnownFileType = text.plist.xml; path = "DNet-Info.plist"; plistStructureDefinitionIdentifier = "com.apple.xcode.plist.structure-definition.iphone.info-plist"; sourceTree = "<group>"; };
/* End PBXFileReference section */

/* Begin PBXFrameworksBuildPhase section */
		1D60588F0D05DD3D006BFB54 /* Frameworks */ = {
			isa = PBXFrameworksBuildPhase;
			buildActionMask = 2147483647;
			files = (
				3FE11D95155A25040036CE4E /* MapKit.framework in Frameworks */,
				3F1D2AF91346DCA3001AF6BD /* MessageUI.framework in Frameworks */,
				1D60589F0D05DD5A006BFB54 /* Foundation.framework in Frameworks */,
				1DF5F4E00D08C38300B7A737 /* UIKit.framework in Frameworks */,
				288765A50DF7441C002DB57D /* CoreGraphics.framework in Frameworks */,
				3F3055421314493B00DC90B9 /* CFNetwork.framework in Frameworks */,
				3FA33166131727C6009F6D56 /* CoreLocation.framework in Frameworks */,
			);
			runOnlyForDeploymentPostprocessing = 0;
		};
/* End PBXFrameworksBuildPhase section */

/* Begin PBXGroup section */
		080E96DDFE201D6D7F000001 /* Classes */ = {
			isa = PBXGroup;
			children = (
				3F3056731314728A00DC90B9 /* AsyncSocket.h */,
				3F3056741314728A00DC90B9 /* AsyncSocket.m */,
				3F3056751314728A00DC90B9 /* AsyncUdpSocket.h */,
				3F3056761314728A00DC90B9 /* AsyncUdpSocket.m */,
				1D3623240D0F684500981E51 /* DNetAppDelegate.h */,
				1D3623250D0F684500981E51 /* DNetAppDelegate.m */,
				28D7ACF60DDB3853001CB0EB /* CutDetectionClass.h */,
				28D7ACF70DDB3853001CB0EB /* CutDetectionClass.m */,
				3FB72E1C13170886006D834A /* LocationSenderClass.h */,
				3FB72E1D13170886006D834A /* LocationSenderClass.m */,
				3F14DE4A131C72FC00B9A8A7 /* BuildingTagClass.h */,
				3F14DE4B131C72FC00B9A8A7 /* BuildingTagClass.m */,
				3FFB21A7132294C1007FD372 /* BTagProgrammer.h */,
				3FFB21A8132294C1007FD372 /* BTagProgrammer.m */,
				3F1D2B031346E84E001AF6BD /* TweeterClass.h */,
				3F1D2B041346E84E001AF6BD /* TweeterClass.m */,
				3F637D311471CEA10049E81B /* FogStore.h */,
				3F637D321471CEA10049E81B /* FogStore.m */,
				3FE11D8F155A22480036CE4E /* BTagMapView.h */,
				3FE11D90155A22480036CE4E /* BTagMapView.m */,
			);
			path = Classes;
			sourceTree = "<group>";
		};
		19C28FACFE9D520D11CA2CBB /* Products */ = {
			isa = PBXGroup;
			children = (
				1D6058910D05DD3D006BFB54 /* DNet.app */,
			);
			name = Products;
			sourceTree = "<group>";
		};
		29B97314FDCFA39411CA2CEA /* CustomTemplate */ = {
			isa = PBXGroup;
			children = (
				3FB72CB21315B146006D834A /* serialpacket.h */,
				3FB72CC01315B228006D834A /* message.c */,
				3FB72CB61315B17B006D834A /* message.h */,
				3FFB21B81322991B007FD372 /* Common.h */,
				3FB72CD21315B37A006D834A /* serialpacket.c */,
				3FB72CB31315B146006D834A /* serialprotocol.h */,
				080E96DDFE201D6D7F000001 /* Classes */,
				29B97315FDCFA39411CA2CEA /* Other Sources */,
				29B97317FDCFA39411CA2CEA /* Resources */,
				3FE11DB915604AE40036CE4E /* iPad */,
				29B97323FDCFA39411CA2CEA /* Frameworks */,
				19C28FACFE9D520D11CA2CBB /* Products */,
				3FE11DE615604D840036CE4E /* DNet copy-Info.plist */,
			);
			name = CustomTemplate;
			sourceTree = "<group>";
		};
		29B97315FDCFA39411CA2CEA /* Other Sources */ = {
			isa = PBXGroup;
			children = (
				3FE11D9C155A2C8A0036CE4E /* rsz_1texas_amu_logo.png */,
				3FE11D9A155A2C850036CE4E /* rsz_texas_amu_logo.png */,
				3FE11D98155A2B5F0036CE4E /* Texas_AMU_logo.png */,
				32CA4F630368D1EE00C91783 /* DNet_Prefix.pch */,
				29B97316FDCFA39411CA2CEA /* main.m */,
			);
			name = "Other Sources";
			sourceTree = "<group>";
		};
		29B97317FDCFA39411CA2CEA /* Resources */ = {
			isa = PBXGroup;
			children = (
				3FE11D96155A2B2C0036CE4E /* 4659.gif */,
				3FE11D91155A22480036CE4E /* BTagMapView.xib */,
				3FE11E141561DDD30036CE4E /* btag-back.png */,
				3F637D331471CEA10049E81B /* FogStore.xib */,
				3F1D2B051346E84E001AF6BD /* TweeterClass.xib */,
				3FFB21A9132294C1007FD372 /* BTagProgrammer.xib */,
				3F14DE4C131C72FC00B9A8A7 /* BuildingTagClass.xib */,
				2899E5210DE3E06400AC0155 /* CutDetection.xib */,
				28AD733E0D9D9553002E5188 /* MainWindow.xib */,
				3FB72E1E13170886006D834A /* LocationSender.xib */,
				8D1107310486CEB800E47090 /* DNet-Info.plist */,
			);
			name = Resources;
			sourceTree = "<group>";
		};
		29B97323FDCFA39411CA2CEA /* Frameworks */ = {
			isa = PBXGroup;
			children = (
				3FE11D94155A25040036CE4E /* MapKit.framework */,
				3F1D2AF81346DCA3001AF6BD /* MessageUI.framework */,
				3F3055411314493B00DC90B9 /* CFNetwork.framework */,
				1DF5F4DF0D08C38300B7A737 /* UIKit.framework */,
				3FA33165131727C6009F6D56 /* CoreLocation.framework */,
				1D30AB110D05D00D00671497 /* Foundation.framework */,
				288765A40DF7441C002DB57D /* CoreGraphics.framework */,
			);
			name = Frameworks;
			sourceTree = "<group>";
		};
		3FE11DB915604AE40036CE4E /* iPad */ = {
			isa = PBXGroup;
			children = (
				3FE11DBA15604AE80036CE4E /* MainWindow-iPad.xib */,
				3FE11E01156054590036CE4E /* BTagviewer-iPad.h */,
				3FE11E02156054590036CE4E /* BTagviewer-iPad.m */,
				3FE11E03156054590036CE4E /* BTagviewer-iPad.xib */,
				3FE11E0615605D880036CE4E /* BtagAnnotation.h */,
				3FE11E0715605D890036CE4E /* BtagAnnotation.m */,
				3FE11E0D1561D76B0036CE4E /* BTagprogrammer-iPad.h */,
				3FE11E0E1561D76B0036CE4E /* BTagprogrammer-iPad.m */,
				3FE11E0F1561D76C0036CE4E /* BTagprogrammer-iPad.xib */,
				3FE11E161561E6340036CE4E /* LocationController.h */,
				3FE11E171561E6350036CE4E /* LocationController.m */,
			);
			name = iPad;
			sourceTree = "<group>";
		};
/* End PBXGroup section */

/* Begin PBXNativeTarget section */
		1D6058900D05DD3D006BFB54 /* DNet */ = {
			isa = PBXNativeTarget;
			buildConfigurationList = 1D6058960D05DD3E006BFB54 /* Build configuration list for PBXNativeTarget "DNet" */;
			buildPhases = (
				1D60588D0D05DD3D006BFB54 /* Resources */,
				1D60588E0D05DD3D006BFB54 /* Sources */,
				1D60588F0D05DD3D006BFB54 /* Frameworks */,
			);
			buildRules = (
			);
			dependencies = (
			);
			name = DNet;
			productName = DNet;
			productReference = 1D6058910D05DD3D006BFB54 /* DNet.app */;
			productType = "com.apple.product-type.application";
		};
/* End PBXNativeTarget section */

/* Begin PBXProject section */
		29B97313FDCFA39411CA2CEA /* Project object */ = {
			isa = PBXProject;
			attributes = {
				LastUpgradeCheck = 0420;
			};
			buildConfigurationList = C01FCF4E08A954540054247B /* Build configuration list for PBXProject "DNet" */;
			compatibilityVersion = "Xcode 3.2";
			developmentRegion = English;
			hasScannedForEncodings = 1;
			knownRegions = (
				English,
				Japanese,
				French,
				German,
			);
			mainGroup = 29B97314FDCFA39411CA2CEA /* CustomTemplate */;
			projectDirPath = "";
			projectRoot = "";
			targets = (
				1D6058900D05DD3D006BFB54 /* DNet */,
			);
		};
/* End PBXProject section */

/* Begin PBXResourcesBuildPhase section */
		1D60588D0D05DD3D006BFB54 /* Resources */ = {
			isa = PBXResourcesBuildPhase;
			buildActionMask = 2147483647;
			files = (
				28AD733F0D9D9553002E5188 /* MainWindow.xib in Resources */,
				2899E5220DE3E06400AC0155 /* CutDetection.xib in Resources */,
				3FB72E2013170886006D834A /* LocationSender.xib in Resources */,
				3F14DE4E131C72FC00B9A8A7 /* BuildingTagClass.xib in Resources */,
				3FFB21AB132294C1007FD372 /* BTagProgrammer.xib in Resources */,
				3F1D2B071346E84E001AF6BD /* TweeterClass.xib in Resources */,
				3F637D351471CEA10049E81B /* FogStore.xib in Resources */,
				3FE11D93155A22480036CE4E /* BTagMapView.xib in Resources */,
				3FE11D97155A2B2C0036CE4E /* 4659.gif in Resources */,
				3FE11D99155A2B5F0036CE4E /* Texas_AMU_logo.png in Resources */,
				3FE11D9B155A2C850036CE4E /* rsz_texas_amu_logo.png in Resources */,
				3FE11D9D155A2C8A0036CE4E /* rsz_1texas_amu_logo.png in Resources */,
				3FE11DBB15604AE80036CE4E /* MainWindow-iPad.xib in Resources */,
				3FE11E05156054590036CE4E /* BTagviewer-iPad.xib in Resources */,
				3FE11E111561D76C0036CE4E /* BTagprogrammer-iPad.xib in Resources */,
				3FE11E151561DDD30036CE4E /* btag-back.png in Resources */,
			);
			runOnlyForDeploymentPostprocessing = 0;
		};
/* End PBXResourcesBuildPhase section */

/* Begin PBXSourcesBuildPhase section */
		1D60588E0D05DD3D006BFB54 /* Sources */ = {
			isa = PBXSourcesBuildPhase;
			buildActionMask = 2147483647;
			files = (
				1D60589B0D05DD56006BFB54 /* main.m in Sources */,
				1D3623260D0F684500981E51 /* DNetAppDelegate.m in Sources */,
				28D7ACF80DDB3853001CB0EB /* CutDetectionClass.m in Sources */,
				3F3056771314728A00DC90B9 /* AsyncSocket.m in Sources */,
				3F3056781314728A00DC90B9 /* AsyncUdpSocket.m in Sources */,
				3FB72CC11315B228006D834A /* message.c in Sources */,
				3FB72CD31315B37A006D834A /* serialpacket.c in Sources */,
				3FB72E1F13170886006D834A /* LocationSenderClass.m in Sources */,
				3F14DE4D131C72FC00B9A8A7 /* BuildingTagClass.m in Sources */,
				3FFB21AA132294C1007FD372 /* BTagProgrammer.m in Sources */,
				3F1D2B061346E84E001AF6BD /* TweeterClass.m in Sources */,
				3F637D341471CEA10049E81B /* FogStore.m in Sources */,
				3FE11D92155A22480036CE4E /* BTagMapView.m in Sources */,
				3FE11E04156054590036CE4E /* BTagviewer-iPad.m in Sources */,
				3FE11E0815605D890036CE4E /* BtagAnnotation.m in Sources */,
				3FE11E101561D76C0036CE4E /* BTagprogrammer-iPad.m in Sources */,
				3FE11E181561E6350036CE4E /* LocationController.m in Sources */,
			);
			runOnlyForDeploymentPostprocessing = 0;
		};
/* End PBXSourcesBuildPhase section */

/* Begin XCBuildConfiguration section */
		1D6058940D05DD3E006BFB54 /* Debug */ = {
			isa = XCBuildConfiguration;
			buildSettings = {
				ALWAYS_SEARCH_USER_PATHS = NO;
				COPY_PHASE_STRIP = NO;
				GCC_DYNAMIC_NO_PIC = NO;
				GCC_OPTIMIZATION_LEVEL = 0;
				GCC_PRECOMPILE_PREFIX_HEADER = YES;
				GCC_PREFIX_HEADER = DNet_Prefix.pch;
				INFOPLIST_FILE = "DNet-Info.plist";
				IPHONEOS_DEPLOYMENT_TARGET = 5.1;
				PRODUCT_NAME = DNet;
				TARGETED_DEVICE_FAMILY = "1,2";
			};
			name = Debug;
		};
		1D6058950D05DD3E006BFB54 /* Release */ = {
			isa = XCBuildConfiguration;
			buildSettings = {
				ALWAYS_SEARCH_USER_PATHS = NO;
				COPY_PHASE_STRIP = YES;
				GCC_PRECOMPILE_PREFIX_HEADER = YES;
				GCC_PREFIX_HEADER = DNet_Prefix.pch;
				INFOPLIST_FILE = "DNet-Info.plist";
				IPHONEOS_DEPLOYMENT_TARGET = 5.1;
				PRODUCT_NAME = DNet;
				TARGETED_DEVICE_FAMILY = "1,2";
				VALIDATE_PRODUCT = YES;
			};
			name = Release;
		};
		C01FCF4F08A954540054247B /* Debug */ = {
			isa = XCBuildConfiguration;
			buildSettings = {
				ARCHS = "$(ARCHS_STANDARD_32_BIT)";
				"CODE_SIGN_IDENTITY[sdk=iphoneos*]" = "iPhone Developer";
				GCC_C_LANGUAGE_STANDARD = c99;
				GCC_WARN_ABOUT_RETURN_TYPE = YES;
				GCC_WARN_UNUSED_VARIABLE = YES;
				SDKROOT = iphoneos;
			};
			name = Debug;
		};
		C01FCF5008A954540054247B /* Release */ = {
			isa = XCBuildConfiguration;
			buildSettings = {
				ARCHS = "$(ARCHS_STANDARD_32_BIT)";
				"CODE_SIGN_IDENTITY[sdk=iphoneos*]" = "iPhone Developer";
				GCC_C_LANGUAGE_STANDARD = c99;
				GCC_WARN_ABOUT_RETURN_TYPE = YES;
				GCC_WARN_UNUSED_VARIABLE = YES;
				OTHER_CFLAGS = "-DNS_BLOCK_ASSERTIONS=1";
				SDKROOT = iphoneos;
			};
			name = Release;
		};
/* End XCBuildConfiguration section */

/* Begin XCConfigurationList section */
		1D6058960D05DD3E006BFB54 /* Build configuration list for PBXNativeTarget "DNet" */ = {
			isa = XCConfigurationList;
			buildConfigurations = (
				1D6058940D05DD3E006BFB54 /* Debug */,
				1D6058950D05DD3E006BFB54 /* Release */,
			);
			defaultConfigurationIsVisible = 0;
			defaultConfigurationName = Release;
		};
		C01FCF4E08A954540054247B /* Build configuration list for PBXProject "DNet" */ = {
			isa = XCConfigurationList;
			buildConfigurations = (
				C01FCF4F08A954540054247B /* Debug */,
				C01FCF5008A954540054247B /* Release */,
			);
			defaultConfigurationIsVisible = 0;
			defaultConfigurationName = Release;
		};
/* End XCConfigurationList section */
	};
	rootObject = 29B97313FDCFA39411CA2CEA /* Project object */;
}
